// !$*UTF8*$!
{
	archiveVersion = 1;
	classes = {
	};
	objectVersion = 46;
	objects = {

/* Begin PBXBuildFile section */
		73CD4FEA1E4EDCB7006A1A2F /* FirebaseRemoteConfig.m in Sources */ = {isa = PBXBuildFile; fileRef = 73CD4FE91E4EDCB7006A1A2F /* FirebaseRemoteConfig.m */; };
		73CD4FEB1E4EDCB7006A1A2F /* FirebaseRemoteConfig.h in CopyFiles */ = {isa = PBXBuildFile; fileRef = 73CD4FE81E4EDCB7006A1A2F /* FirebaseRemoteConfig.h */; };
/* End PBXBuildFile section */

/* Begin PBXCopyFilesBuildPhase section */
		73CD4FE31E4EDCB7006A1A2F /* CopyFiles */ = {
			isa = PBXCopyFilesBuildPhase;
			buildActionMask = 2147483647;
			dstPath = "include/$(PRODUCT_NAME)";
			dstSubfolderSpec = 16;
			files = (
				73CD4FEB1E4EDCB7006A1A2F /* FirebaseRemoteConfig.h in CopyFiles */,
			);
			runOnlyForDeploymentPostprocessing = 0;
		};
/* End PBXCopyFilesBuildPhase section */

/* Begin PBXFileReference section */
		73CD4FE51E4EDCB7006A1A2F /* libFirebaseRemoteConfig.a */ = {isa = PBXFileReference; explicitFileType = archive.ar; includeInIndex = 0; path = libFirebaseRemoteConfig.a; sourceTree = BUILT_PRODUCTS_DIR; };
		73CD4FE81E4EDCB7006A1A2F /* FirebaseRemoteConfig.h */ = {isa = PBXFileReference; lastKnownFileType = sourcecode.c.h; path = FirebaseRemoteConfig.h; sourceTree = "<group>"; };
		73CD4FE91E4EDCB7006A1A2F /* FirebaseRemoteConfig.m */ = {isa = PBXFileReference; lastKnownFileType = sourcecode.c.objc; path = FirebaseRemoteConfig.m; sourceTree = "<group>"; };
/* End PBXFileReference section */

/* Begin PBXFrameworksBuildPhase section */
		73CD4FE21E4EDCB7006A1A2F /* Frameworks */ = {
			isa = PBXFrameworksBuildPhase;
			buildActionMask = 2147483647;
			files = (
			);
			runOnlyForDeploymentPostprocessing = 0;
		};
/* End PBXFrameworksBuildPhase section */

/* Begin PBXGroup section */
		73CD4FDC1E4EDCB7006A1A2F = {
			isa = PBXGroup;
			children = (
				73CD4FE71E4EDCB7006A1A2F /* FirebaseRemoteConfig */,
				73CD4FE61E4EDCB7006A1A2F /* Products */,
			);
			sourceTree = "<group>";
		};
		73CD4FE61E4EDCB7006A1A2F /* Products */ = {
			isa = PBXGroup;
			children = (
				73CD4FE51E4EDCB7006A1A2F /* libFirebaseRemoteConfig.a */,
			);
			name = Products;
			sourceTree = "<group>";
		};
		73CD4FE71E4EDCB7006A1A2F /* FirebaseRemoteConfig */ = {
			isa = PBXGroup;
			children = (
				73CD4FE81E4EDCB7006A1A2F /* FirebaseRemoteConfig.h */,
				73CD4FE91E4EDCB7006A1A2F /* FirebaseRemoteConfig.m */,
			);
			path = FirebaseRemoteConfig;
			sourceTree = "<group>";
		};
/* End PBXGroup section */

/* Begin PBXNativeTarget section */
		73CD4FE41E4EDCB7006A1A2F /* FirebaseRemoteConfig */ = {
			isa = PBXNativeTarget;
			buildConfigurationList = 73CD4FEE1E4EDCB7006A1A2F /* Build configuration list for PBXNativeTarget "FirebaseRemoteConfig" */;
			buildPhases = (
				73CD4FE11E4EDCB7006A1A2F /* Sources */,
				73CD4FE21E4EDCB7006A1A2F /* Frameworks */,
				73CD4FE31E4EDCB7006A1A2F /* CopyFiles */,
			);
			buildRules = (
			);
			dependencies = (
			);
			name = FirebaseRemoteConfig;
			productName = FirebaseRemoteConfig;
			productReference = 73CD4FE51E4EDCB7006A1A2F /* libFirebaseRemoteConfig.a */;
			productType = "com.apple.product-type.library.static";
		};
/* End PBXNativeTarget section */

/* Begin PBXProject section */
		73CD4FDD1E4EDCB7006A1A2F /* Project object */ = {
			isa = PBXProject;
			attributes = {
				LastUpgradeCheck = 0820;
				ORGANIZATIONNAME = "UI Guru Ltd";
				TargetAttributes = {
					73CD4FE41E4EDCB7006A1A2F = {
						CreatedOnToolsVersion = 8.2.1;
						DevelopmentTeam = SU4ZFUWE96;
						ProvisioningStyle = Automatic;
					};
				};
			};
			buildConfigurationList = 73CD4FE01E4EDCB7006A1A2F /* Build configuration list for PBXProject "FirebaseRemoteConfig" */;
			compatibilityVersion = "Xcode 3.2";
			developmentRegion = English;
			hasScannedForEncodings = 0;
			knownRegions = (
				en,
			);
			mainGroup = 73CD4FDC1E4EDCB7006A1A2F;
			productRefGroup = 73CD4FE61E4EDCB7006A1A2F /* Products */;
			projectDirPath = "";
			projectRoot = "";
			targets = (
				73CD4FE41E4EDCB7006A1A2F /* FirebaseRemoteConfig */,
			);
		};
/* End PBXProject section */

/* Begin PBXSourcesBuildPhase section */
		73CD4FE11E4EDCB7006A1A2F /* Sources */ = {
			isa = PBXSourcesBuildPhase;
			buildActionMask = 2147483647;
			files = (
				73CD4FEA1E4EDCB7006A1A2F /* FirebaseRemoteConfig.m in Sources */,
			);
			runOnlyForDeploymentPostprocessing = 0;
		};
/* End PBXSourcesBuildPhase section */

/* Begin XCBuildConfiguration section */
		73CD4FEC1E4EDCB7006A1A2F /* Debug */ = {
			isa = XCBuildConfiguration;
			buildSettings = {
				ALWAYS_SEARCH_USER_PATHS = NO;
				CLANG_ANALYZER_NONNULL = YES;
				CLANG_CXX_LANGUAGE_STANDARD = "gnu++0x";
				CLANG_CXX_LIBRARY = "libc++";
				CLANG_ENABLE_MODULES = YES;
				CLANG_ENABLE_OBJC_ARC = YES;
				CLANG_WARN_BOOL_CONVERSION = YES;
				CLANG_WARN_CONSTANT_CONVERSION = YES;
				CLANG_WARN_DIRECT_OBJC_ISA_USAGE = YES_ERROR;
				CLANG_WARN_DOCUMENTATION_COMMENTS = YES;
				CLANG_WARN_EMPTY_BODY = YES;
				CLANG_WARN_ENUM_CONVERSION = YES;
				CLANG_WARN_INFINITE_RECURSION = YES;
				CLANG_WARN_INT_CONVERSION = YES;
				CLANG_WARN_OBJC_ROOT_CLASS = YES_ERROR;
				CLANG_WARN_SUSPICIOUS_MOVE = YES;
				CLANG_WARN_UNREACHABLE_CODE = YES;
				CLANG_WARN__DUPLICATE_METHOD_MATCH = YES;
				"CODE_SIGN_IDENTITY[sdk=iphoneos*]" = "iPhone Developer";
				COPY_PHASE_STRIP = NO;
				DEBUG_INFORMATION_FORMAT = dwarf;
				ENABLE_STRICT_OBJC_MSGSEND = YES;
				ENABLE_TESTABILITY = YES;
				GCC_C_LANGUAGE_STANDARD = gnu99;
				GCC_DYNAMIC_NO_PIC = NO;
				GCC_NO_COMMON_BLOCKS = YES;
				GCC_OPTIMIZATION_LEVEL = 0;
				GCC_PREPROCESSOR_DEFINITIONS = (
					"DEBUG=1",
					"$(inherited)",
				);
				GCC_WARN_64_TO_32_BIT_CONVERSION = YES;
				GCC_WARN_ABOUT_RETURN_TYPE = YES_ERROR;
				GCC_WARN_UNDECLARED_SELECTOR = YES;
				GCC_WARN_UNINITIALIZED_AUTOS = YES_AGGRESSIVE;
				GCC_WARN_UNUSED_FUNCTION = YES;
				GCC_WARN_UNUSED_VARIABLE = YES;
				IPHONEOS_DEPLOYMENT_TARGET = 10.2;
				MTL_ENABLE_DEBUG_INFO = YES;
				ONLY_ACTIVE_ARCH = YES;
				SDKROOT = iphoneos;
			};
			name = Debug;
		};
		73CD4FED1E4EDCB7006A1A2F /* Release */ = {
			isa = XCBuildConfiguration;
			buildSettings = {
				ALWAYS_SEARCH_USER_PATHS = NO;
				CLANG_ANALYZER_NONNULL = YES;
				CLANG_CXX_LANGUAGE_STANDARD = "gnu++0x";
				CLANG_CXX_LIBRARY = "libc++";
				CLANG_ENABLE_MODULES = YES;
				CLANG_ENABLE_OBJC_ARC = YES;
				CLANG_WARN_BOOL_CONVERSION = YES;
				CLANG_WARN_CONSTANT_CONVERSION = YES;
				CLANG_WARN_DIRECT_OBJC_ISA_USAGE = YES_ERROR;
				CLANG_WARN_DOCUMENTATION_COMMENTS = YES;
				CLANG_WARN_EMPTY_BODY = YES;
				CLANG_WARN_ENUM_CONVERSION = YES;
				CLANG_WARN_INFINITE_RECURSION = YES;
				CLANG_WARN_INT_CONVERSION = YES;
				CLANG_WARN_OBJC_ROOT_CLASS = YES_ERROR;
				CLANG_WARN_SUSPICIOUS_MOVE = YES;
				CLANG_WARN_UNREACHABLE_CODE = YES;
				CLANG_WARN__DUPLICATE_METHOD_MATCH = YES;
				"CODE_SIGN_IDENTITY[sdk=iphoneos*]" = "iPhone Developer";
				COPY_PHASE_STRIP = NO;
				DEBUG_INFORMATION_FORMAT = "dwarf-with-dsym";
				ENABLE_NS_ASSERTIONS = NO;
				ENABLE_STRICT_OBJC_MSGSEND = YES;
				GCC_C_LANGUAGE_STANDARD = gnu99;
				GCC_NO_COMMON_BLOCKS = YES;
				GCC_WARN_64_TO_32_BIT_CONVERSION = YES;
				GCC_WARN_ABOUT_RETURN_TYPE = YES_ERROR;
				GCC_WARN_UNDECLARED_SELECTOR = YES;
				GCC_WARN_UNINITIALIZED_AUTOS = YES_AGGRESSIVE;
				GCC_WARN_UNUSED_FUNCTION = YES;
				GCC_WARN_UNUSED_VARIABLE = YES;
				IPHONEOS_DEPLOYMENT_TARGET = 10.2;
				MTL_ENABLE_DEBUG_INFO = NO;
				SDKROOT = iphoneos;
				VALIDATE_PRODUCT = YES;
			};
			name = Release;
		};
		73CD4FEF1E4EDCB7006A1A2F /* Debug */ = {
			isa = XCBuildConfiguration;
			buildSettings = {
				DEVELOPMENT_TEAM = SU4ZFUWE96;
				OTHER_LDFLAGS = "-ObjC";
				PRODUCT_NAME = "$(TARGET_NAME)";
				SKIP_INSTALL = YES;
			};
			name = Debug;
		};
		73CD4FF01E4EDCB7006A1A2F /* Release */ = {
			isa = XCBuildConfiguration;
			buildSettings = {
				DEVELOPMENT_TEAM = SU4ZFUWE96;
				OTHER_LDFLAGS = "-ObjC";
				PRODUCT_NAME = "$(TARGET_NAME)";
				SKIP_INSTALL = YES;
			};
			name = Release;
		};
/* End XCBuildConfiguration section */

/* Begin XCConfigurationList section */
		73CD4FE01E4EDCB7006A1A2F /* Build configuration list for PBXProject "FirebaseRemoteConfig" */ = {
			isa = XCConfigurationList;
			buildConfigurations = (
				73CD4FEC1E4EDCB7006A1A2F /* Debug */,
				73CD4FED1E4EDCB7006A1A2F /* Release */,
			);
			defaultConfigurationIsVisible = 0;
			defaultConfigurationName = Release;
		};
		73CD4FEE1E4EDCB7006A1A2F /* Build configuration list for PBXNativeTarget "FirebaseRemoteConfig" */ = {
			isa = XCConfigurationList;
			buildConfigurations = (
				73CD4FEF1E4EDCB7006A1A2F /* Debug */,
				73CD4FF01E4EDCB7006A1A2F /* Release */,
			);
			defaultConfigurationIsVisible = 0;
		};
/* End XCConfigurationList section */
	};
	rootObject = 73CD4FDD1E4EDCB7006A1A2F /* Project object */;
}
